
Microsoft Visual Studio Solution File, Format Version 12.00
# Visual Studio 15
VisualStudioVersion = 15.0.26430.6
MinimumVisualStudioVersion = 10.0.40219.1
Project("{2150E333-8FDC-42A3-9474-1A3956D46DE8}") = "Presentation", "Presentation", "{77B1DB33-9CED-450E-A42A-BA8874FB4057}"
EndProject
Project("{FAE04EC0-301F-11D3-BF4B-00C04F79EFBC}") = "BitstampTradeBot.Console", "BitstampTradeBot.Console\BitstampTradeBot.Console.csproj", "{7ECB2913-3883-4E8F-A4EB-444C2BC4E78B}"
EndProject
Project("{FAE04EC0-301F-11D3-BF4B-00C04F79EFBC}") = "BitstampTradeBot.Test", "BitstampTradeBot.Test\BitstampTradeBot.Test.csproj", "{0AB61CAF-E35D-49AD-B395-A31496E5B8D2}"
EndProject
Project("{FAE04EC0-301F-11D3-BF4B-00C04F79EFBC}") = "BitstampTradeBot.Exchange", "BitstampTradeBot.Exchange\BitstampTradeBot.Exchange.csproj", "{D14E91F3-65F0-47FD-A817-60816594724B}"
EndProject
Project("{FAE04EC0-301F-11D3-BF4B-00C04F79EFBC}") = "BitstampTradeBot.Data", "BitstampTradeBot.Data\BitstampTradeBot.Data.csproj", "{561F9A5A-6965-4E40-BE30-71EF6AC87D72}"
EndProject
Project("{FAE04EC0-301F-11D3-BF4B-00C04F79EFBC}") = "BitstampTradeBot.Trader", "BitstampTradeBot.Trader\BitstampTradeBot.Trader.csproj", "{29303796-C990-4C5A-9DC1-E6C62858DD84}"
EndProject
Project("{FAE04EC0-301F-11D3-BF4B-00C04F79EFBC}") = "BitstampTradeBot.Wpf", "BitstampTradeBot.Wpf\BitstampTradeBot.Wpf.csproj", "{18716530-E36A-4260-9279-70D196AD4ADF}"
EndProject
Global
	GlobalSection(SolutionConfigurationPlatforms) = preSolution
		Debug|Any CPU = Debug|Any CPU
		Release|Any CPU = Release|Any CPU
	EndGlobalSection
	GlobalSection(ProjectConfigurationPlatforms) = postSolution
		{7ECB2913-3883-4E8F-A4EB-444C2BC4E78B}.Debug|Any CPU.ActiveCfg = Debug|Any CPU
		{7ECB2913-3883-4E8F-A4EB-444C2BC4E78B}.Debug|Any CPU.Build.0 = Debug|Any CPU
		{7ECB2913-3883-4E8F-A4EB-444C2BC4E78B}.Release|Any CPU.ActiveCfg = Release|Any CPU
		{7ECB2913-3883-4E8F-A4EB-444C2BC4E78B}.Release|Any CPU.Build.0 = Release|Any CPU
		{0AB61CAF-E35D-49AD-B395-A31496E5B8D2}.Debug|Any CPU.ActiveCfg = Debug|Any CPU
		{0AB61CAF-E35D-49AD-B395-A31496E5B8D2}.Debug|Any CPU.Build.0 = Debug|Any CPU
		{0AB61CAF-E35D-49AD-B395-A31496E5B8D2}.Release|Any CPU.ActiveCfg = Release|Any CPU
		{0AB61CAF-E35D-49AD-B395-A31496E5B8D2}.Release|Any CPU.Build.0 = Release|Any CPU
		{D14E91F3-65F0-47FD-A817-60816594724B}.Debug|Any CPU.ActiveCfg = Debug|Any CPU
		{D14E91F3-65F0-47FD-A817-60816594724B}.Debug|Any CPU.Build.0 = Debug|Any CPU
		{D14E91F3-65F0-47FD-A817-60816594724B}.Release|Any CPU.ActiveCfg = Release|Any CPU
		{D14E91F3-65F0-47FD-A817-60816594724B}.Release|Any CPU.Build.0 = Release|Any CPU
		{561F9A5A-6965-4E40-BE30-71EF6AC87D72}.Debug|Any CPU.ActiveCfg = Debug|Any CPU
		{561F9A5A-6965-4E40-BE30-71EF6AC87D72}.Debug|Any CPU.Build.0 = Debug|Any CPU
		{561F9A5A-6965-4E40-BE30-71EF6AC87D72}.Release|Any CPU.ActiveCfg = Release|Any CPU
		{561F9A5A-6965-4E40-BE30-71EF6AC87D72}.Release|Any CPU.Build.0 = Release|Any CPU
		{29303796-C990-4C5A-9DC1-E6C62858DD84}.Debug|Any CPU.ActiveCfg = Debug|Any CPU
		{29303796-C990-4C5A-9DC1-E6C62858DD84}.Debug|Any CPU.Build.0 = Debug|Any CPU
		{29303796-C990-4C5A-9DC1-E6C62858DD84}.Release|Any CPU.ActiveCfg = Release|Any CPU
		{29303796-C990-4C5A-9DC1-E6C62858DD84}.Release|Any CPU.Build.0 = Release|Any CPU
		{18716530-E36A-4260-9279-70D196AD4ADF}.Debug|Any CPU.ActiveCfg = Debug|Any CPU
		{18716530-E36A-4260-9279-70D196AD4ADF}.Debug|Any CPU.Build.0 = Debug|Any CPU
		{18716530-E36A-4260-9279-70D196AD4ADF}.Release|Any CPU.ActiveCfg = Release|Any CPU
		{18716530-E36A-4260-9279-70D196AD4ADF}.Release|Any CPU.Build.0 = Release|Any CPU
	EndGlobalSection
	GlobalSection(SolutionProperties) = preSolution
		HideSolutionNode = FALSE
	EndGlobalSection
	GlobalSection(NestedProjects) = preSolution
		{7ECB2913-3883-4E8F-A4EB-444C2BC4E78B} = {77B1DB33-9CED-450E-A42A-BA8874FB4057}
		{18716530-E36A-4260-9279-70D196AD4ADF} = {77B1DB33-9CED-450E-A42A-BA8874FB4057}
	EndGlobalSection
EndGlobal
